// !$*UTF8*$!
{
	archiveVersion = 1;
	classes = {
	};
	objectVersion = 55;
	objects = {

/* Begin PBXBuildFile section */
		04FAF37128888CBE00D82A9F /* MainApp.swift in Sources */ = {isa = PBXBuildFile; fileRef = 04FAF37028888CBE00D82A9F /* MainApp.swift */; };
		04FAF37328888CBE00D82A9F /* ContentView.swift in Sources */ = {isa = PBXBuildFile; fileRef = 04FAF37228888CBE00D82A9F /* ContentView.swift */; };
		04FAF37528888CC000D82A9F /* Assets.xcassets in Resources */ = {isa = PBXBuildFile; fileRef = 04FAF37428888CC000D82A9F /* Assets.xcassets */; };
		04FAF37828888CC000D82A9F /* Preview Assets.xcassets in Resources */ = {isa = PBXBuildFile; fileRef = 04FAF37728888CC000D82A9F /* Preview Assets.xcassets */; };
		04FAF38228888CC000D82A9F /* MainTests.swift in Sources */ = {isa = PBXBuildFile; fileRef = 04FAF38128888CC000D82A9F /* MainTests.swift */; };
		04FAF38C28888CC000D82A9F /* MainUITests.swift in Sources */ = {isa = PBXBuildFile; fileRef = 04FAF38B28888CC000D82A9F /* MainUITests.swift */; };
		04FAF38E28888CC000D82A9F /* MainUITestsLaunchTests.swift in Sources */ = {isa = PBXBuildFile; fileRef = 04FAF38D28888CC000D82A9F /* MainUITestsLaunchTests.swift */; };
		04FAF39D2888904100D82A9F /* Counter.swift in Sources */ = {isa = PBXBuildFile; fileRef = 04FAF39C2888904100D82A9F /* Counter.swift */; };
/* End PBXBuildFile section */

/* Begin PBXContainerItemProxy section */
		04FAF37E28888CC000D82A9F /* PBXContainerItemProxy */ = {
			isa = PBXContainerItemProxy;
			containerPortal = 04FAF36528888CBE00D82A9F /* Project object */;
			proxyType = 1;
			remoteGlobalIDString = 04FAF36C28888CBE00D82A9F;
			remoteInfo = 7GUIs;
		};
		04FAF38828888CC000D82A9F /* PBXContainerItemProxy */ = {
			isa = PBXContainerItemProxy;
			containerPortal = 04FAF36528888CBE00D82A9F /* Project object */;
			proxyType = 1;
			remoteGlobalIDString = 04FAF36C28888CBE00D82A9F;
			remoteInfo = 7GUIs;
		};
/* End PBXContainerItemProxy section */

/* Begin PBXFileReference section */
		04FAF36D28888CBE00D82A9F /* 7GUIs.app */ = {isa = PBXFileReference; explicitFileType = wrapper.application; includeInIndex = 0; path = 7GUIs.app; sourceTree = BUILT_PRODUCTS_DIR; };
		04FAF37028888CBE00D82A9F /* MainApp.swift */ = {isa = PBXFileReference; lastKnownFileType = sourcecode.swift; path = MainApp.swift; sourceTree = "<group>"; };
		04FAF37228888CBE00D82A9F /* ContentView.swift */ = {isa = PBXFileReference; lastKnownFileType = sourcecode.swift; path = ContentView.swift; sourceTree = "<group>"; };
		04FAF37428888CC000D82A9F /* Assets.xcassets */ = {isa = PBXFileReference; lastKnownFileType = folder.assetcatalog; path = Assets.xcassets; sourceTree = "<group>"; };
		04FAF37728888CC000D82A9F /* Preview Assets.xcassets */ = {isa = PBXFileReference; lastKnownFileType = folder.assetcatalog; path = "Preview Assets.xcassets"; sourceTree = "<group>"; };
		04FAF37D28888CC000D82A9F /* 7GUIsTests.xctest */ = {isa = PBXFileReference; explicitFileType = wrapper.cfbundle; includeInIndex = 0; path = 7GUIsTests.xctest; sourceTree = BUILT_PRODUCTS_DIR; };
		04FAF38128888CC000D82A9F /* MainTests.swift */ = {isa = PBXFileReference; lastKnownFileType = sourcecode.swift; path = MainTests.swift; sourceTree = "<group>"; };
		04FAF38728888CC000D82A9F /* 7GUIsUITests.xctest */ = {isa = PBXFileReference; explicitFileType = wrapper.cfbundle; includeInIndex = 0; path = 7GUIsUITests.xctest; sourceTree = BUILT_PRODUCTS_DIR; };
		04FAF38B28888CC000D82A9F /* MainUITests.swift */ = {isa = PBXFileReference; lastKnownFileType = sourcecode.swift; path = MainUITests.swift; sourceTree = "<group>"; };
		04FAF38D28888CC000D82A9F /* MainUITestsLaunchTests.swift */ = {isa = PBXFileReference; lastKnownFileType = sourcecode.swift; path = MainUITestsLaunchTests.swift; sourceTree = "<group>"; };
		04FAF39C2888904100D82A9F /* Counter.swift */ = {isa = PBXFileReference; lastKnownFileType = sourcecode.swift; path = Counter.swift; sourceTree = "<group>"; };
/* End PBXFileReference section */

/* Begin PBXFrameworksBuildPhase section */
		04FAF36A28888CBE00D82A9F /* Frameworks */ = {
			isa = PBXFrameworksBuildPhase;
			buildActionMask = 2147483647;
			files = (
			);
			runOnlyForDeploymentPostprocessing = 0;
		};
		04FAF37A28888CC000D82A9F /* Frameworks */ = {
			isa = PBXFrameworksBuildPhase;
			buildActionMask = 2147483647;
			files = (
			);
			runOnlyForDeploymentPostprocessing = 0;
		};
		04FAF38428888CC000D82A9F /* Frameworks */ = {
			isa = PBXFrameworksBuildPhase;
			buildActionMask = 2147483647;
			files = (
			);
			runOnlyForDeploymentPostprocessing = 0;
		};
/* End PBXFrameworksBuildPhase section */

/* Begin PBXGroup section */
		04FAF36428888CBE00D82A9F = {
			isa = PBXGroup;
			children = (
				04FAF36F28888CBE00D82A9F /* App */,
				04FAF38028888CC000D82A9F /* Tests */,
				04FAF38A28888CC000D82A9F /* UITests */,
				04FAF36E28888CBE00D82A9F /* Products */,
			);
			sourceTree = "<group>";
		};
		04FAF36E28888CBE00D82A9F /* Products */ = {
			isa = PBXGroup;
			children = (
				04FAF36D28888CBE00D82A9F /* 7GUIs.app */,
				04FAF37D28888CC000D82A9F /* 7GUIsTests.xctest */,
				04FAF38728888CC000D82A9F /* 7GUIsUITests.xctest */,
			);
			name = Products;
			sourceTree = "<group>";
		};
		04FAF36F28888CBE00D82A9F /* App */ = {
			isa = PBXGroup;
			children = (
				04FAF37028888CBE00D82A9F /* MainApp.swift */,
				04FAF39B2888903100D82A9F /* Views */,
				04FAF37228888CBE00D82A9F /* ContentView.swift */,
				04FAF37428888CC000D82A9F /* Assets.xcassets */,
				04FAF37628888CC000D82A9F /* Preview Content */,
			);
			path = App;
			sourceTree = "<group>";
		};
		04FAF37628888CC000D82A9F /* Preview Content */ = {
			isa = PBXGroup;
			children = (
				04FAF37728888CC000D82A9F /* Preview Assets.xcassets */,
			);
			path = "Preview Content";
			sourceTree = "<group>";
		};
		04FAF38028888CC000D82A9F /* Tests */ = {
			isa = PBXGroup;
			children = (
				04FAF38128888CC000D82A9F /* MainTests.swift */,
			);
			path = Tests;
			sourceTree = "<group>";
		};
		04FAF38A28888CC000D82A9F /* UITests */ = {
			isa = PBXGroup;
			children = (
				04FAF38B28888CC000D82A9F /* MainUITests.swift */,
				04FAF38D28888CC000D82A9F /* MainUITestsLaunchTests.swift */,
			);
			path = UITests;
			sourceTree = "<group>";
		};
		04FAF39B2888903100D82A9F /* Views */ = {
			isa = PBXGroup;
			children = (
				04FAF39C2888904100D82A9F /* Counter.swift */,
			);
			path = Views;
			sourceTree = "<group>";
		};
/* End PBXGroup section */

/* Begin PBXNativeTarget section */
		04FAF36C28888CBE00D82A9F /* 7GUIs */ = {
			isa = PBXNativeTarget;
			buildConfigurationList = 04FAF39128888CC000D82A9F /* Build configuration list for PBXNativeTarget "7GUIs" */;
			buildPhases = (
				04FAF36928888CBE00D82A9F /* Sources */,
				04FAF36A28888CBE00D82A9F /* Frameworks */,
				04FAF36B28888CBE00D82A9F /* Resources */,
			);
			buildRules = (
			);
			dependencies = (
			);
			name = 7GUIs;
			productName = 7GUIs;
			productReference = 04FAF36D28888CBE00D82A9F /* 7GUIs.app */;
			productType = "com.apple.product-type.application";
		};
		04FAF37C28888CC000D82A9F /* 7GUIsTests */ = {
			isa = PBXNativeTarget;
			buildConfigurationList = 04FAF39428888CC000D82A9F /* Build configuration list for PBXNativeTarget "7GUIsTests" */;
			buildPhases = (
				04FAF37928888CC000D82A9F /* Sources */,
				04FAF37A28888CC000D82A9F /* Frameworks */,
				04FAF37B28888CC000D82A9F /* Resources */,
			);
			buildRules = (
			);
			dependencies = (
				04FAF37F28888CC000D82A9F /* PBXTargetDependency */,
			);
			name = 7GUIsTests;
			productName = 7GUIsTests;
			productReference = 04FAF37D28888CC000D82A9F /* 7GUIsTests.xctest */;
			productType = "com.apple.product-type.bundle.unit-test";
		};
		04FAF38628888CC000D82A9F /* 7GUIsUITests */ = {
			isa = PBXNativeTarget;
			buildConfigurationList = 04FAF39728888CC000D82A9F /* Build configuration list for PBXNativeTarget "7GUIsUITests" */;
			buildPhases = (
				04FAF38328888CC000D82A9F /* Sources */,
				04FAF38428888CC000D82A9F /* Frameworks */,
				04FAF38528888CC000D82A9F /* Resources */,
			);
			buildRules = (
			);
			dependencies = (
				04FAF38928888CC000D82A9F /* PBXTargetDependency */,
			);
			name = 7GUIsUITests;
			productName = 7GUIsUITests;
			productReference = 04FAF38728888CC000D82A9F /* 7GUIsUITests.xctest */;
			productType = "com.apple.product-type.bundle.ui-testing";
		};
/* End PBXNativeTarget section */

/* Begin PBXProject section */
		04FAF36528888CBE00D82A9F /* Project object */ = {
			isa = PBXProject;
			attributes = {
				BuildIndependentTargetsInParallel = 1;
				LastSwiftUpdateCheck = 1340;
				LastUpgradeCheck = 1340;
				TargetAttributes = {
					04FAF36C28888CBE00D82A9F = {
						CreatedOnToolsVersion = 13.4.1;
					};
					04FAF37C28888CC000D82A9F = {
						CreatedOnToolsVersion = 13.4.1;
						TestTargetID = 04FAF36C28888CBE00D82A9F;
					};
					04FAF38628888CC000D82A9F = {
						CreatedOnToolsVersion = 13.4.1;
						TestTargetID = 04FAF36C28888CBE00D82A9F;
					};
				};
			};
			buildConfigurationList = 04FAF36828888CBE00D82A9F /* Build configuration list for PBXProject "7GUIs" */;
			compatibilityVersion = "Xcode 13.0";
			developmentRegion = en;
			hasScannedForEncodings = 0;
			knownRegions = (
				en,
				Base,
			);
			mainGroup = 04FAF36428888CBE00D82A9F;
			productRefGroup = 04FAF36E28888CBE00D82A9F /* Products */;
			projectDirPath = "";
			projectRoot = "";
			targets = (
				04FAF36C28888CBE00D82A9F /* 7GUIs */,
				04FAF37C28888CC000D82A9F /* 7GUIsTests */,
				04FAF38628888CC000D82A9F /* 7GUIsUITests */,
			);
		};
/* End PBXProject section */

/* Begin PBXResourcesBuildPhase section */
		04FAF36B28888CBE00D82A9F /* Resources */ = {
			isa = PBXResourcesBuildPhase;
			buildActionMask = 2147483647;
			files = (
				04FAF37828888CC000D82A9F /* Preview Assets.xcassets in Resources */,
				04FAF37528888CC000D82A9F /* Assets.xcassets in Resources */,
			);
			runOnlyForDeploymentPostprocessing = 0;
		};
		04FAF37B28888CC000D82A9F /* Resources */ = {
			isa = PBXResourcesBuildPhase;
			buildActionMask = 2147483647;
			files = (
			);
			runOnlyForDeploymentPostprocessing = 0;
		};
		04FAF38528888CC000D82A9F /* Resources */ = {
			isa = PBXResourcesBuildPhase;
			buildActionMask = 2147483647;
			files = (
			);
			runOnlyForDeploymentPostprocessing = 0;
		};
/* End PBXResourcesBuildPhase section */

/* Begin PBXSourcesBuildPhase section */
		04FAF36928888CBE00D82A9F /* Sources */ = {
			isa = PBXSourcesBuildPhase;
			buildActionMask = 2147483647;
			files = (
				04FAF37328888CBE00D82A9F /* ContentView.swift in Sources */,
				04FAF37128888CBE00D82A9F /* MainApp.swift in Sources */,
				04FAF39D2888904100D82A9F /* Counter.swift in Sources */,
			);
			runOnlyForDeploymentPostprocessing = 0;
		};
		04FAF37928888CC000D82A9F /* Sources */ = {
			isa = PBXSourcesBuildPhase;
			buildActionMask = 2147483647;
			files = (
				04FAF38228888CC000D82A9F /* MainTests.swift in Sources */,
			);
			runOnlyForDeploymentPostprocessing = 0;
		};
		04FAF38328888CC000D82A9F /* Sources */ = {
			isa = PBXSourcesBuildPhase;
			buildActionMask = 2147483647;
			files = (
				04FAF38E28888CC000D82A9F /* MainUITestsLaunchTests.swift in Sources */,
				04FAF38C28888CC000D82A9F /* MainUITests.swift in Sources */,
			);
			runOnlyForDeploymentPostprocessing = 0;
		};
/* End PBXSourcesBuildPhase section */

/* Begin PBXTargetDependency section */
		04FAF37F28888CC000D82A9F /* PBXTargetDependency */ = {
			isa = PBXTargetDependency;
			target = 04FAF36C28888CBE00D82A9F /* 7GUIs */;
			targetProxy = 04FAF37E28888CC000D82A9F /* PBXContainerItemProxy */;
		};
		04FAF38928888CC000D82A9F /* PBXTargetDependency */ = {
			isa = PBXTargetDependency;
			target = 04FAF36C28888CBE00D82A9F /* 7GUIs */;
			targetProxy = 04FAF38828888CC000D82A9F /* PBXContainerItemProxy */;
		};
/* End PBXTargetDependency section */

/* Begin XCBuildConfiguration section */
		04FAF38F28888CC000D82A9F /* Debug */ = {
			isa = XCBuildConfiguration;
			buildSettings = {
				ALWAYS_SEARCH_USER_PATHS = NO;
				CLANG_ANALYZER_NONNULL = YES;
				CLANG_ANALYZER_NUMBER_OBJECT_CONVERSION = YES_AGGRESSIVE;
				CLANG_CXX_LANGUAGE_STANDARD = "gnu++17";
				CLANG_ENABLE_MODULES = YES;
				CLANG_ENABLE_OBJC_ARC = YES;
				CLANG_ENABLE_OBJC_WEAK = YES;
				CLANG_WARN_BLOCK_CAPTURE_AUTORELEASING = YES;
				CLANG_WARN_BOOL_CONVERSION = YES;
				CLANG_WARN_COMMA = YES;
				CLANG_WARN_CONSTANT_CONVERSION = YES;
				CLANG_WARN_DEPRECATED_OBJC_IMPLEMENTATIONS = YES;
				CLANG_WARN_DIRECT_OBJC_ISA_USAGE = YES_ERROR;
				CLANG_WARN_DOCUMENTATION_COMMENTS = YES;
				CLANG_WARN_EMPTY_BODY = YES;
				CLANG_WARN_ENUM_CONVERSION = YES;
				CLANG_WARN_INFINITE_RECURSION = YES;
				CLANG_WARN_INT_CONVERSION = YES;
				CLANG_WARN_NON_LITERAL_NULL_CONVERSION = YES;
				CLANG_WARN_OBJC_IMPLICIT_RETAIN_SELF = YES;
				CLANG_WARN_OBJC_LITERAL_CONVERSION = YES;
				CLANG_WARN_OBJC_ROOT_CLASS = YES_ERROR;
				CLANG_WARN_QUOTED_INCLUDE_IN_FRAMEWORK_HEADER = YES;
				CLANG_WARN_RANGE_LOOP_ANALYSIS = YES;
				CLANG_WARN_STRICT_PROTOTYPES = YES;
				CLANG_WARN_SUSPICIOUS_MOVE = YES;
				CLANG_WARN_UNGUARDED_AVAILABILITY = YES_AGGRESSIVE;
				CLANG_WARN_UNREACHABLE_CODE = YES;
				CLANG_WARN__DUPLICATE_METHOD_MATCH = YES;
				COPY_PHASE_STRIP = NO;
				DEBUG_INFORMATION_FORMAT = dwarf;
				ENABLE_STRICT_OBJC_MSGSEND = YES;
				ENABLE_TESTABILITY = YES;
				GCC_C_LANGUAGE_STANDARD = gnu11;
				GCC_DYNAMIC_NO_PIC = NO;
				GCC_NO_COMMON_BLOCKS = YES;
				GCC_OPTIMIZATION_LEVEL = 0;
				GCC_PREPROCESSOR_DEFINITIONS = (
					"DEBUG=1",
					"$(inherited)",
				);
				GCC_WARN_64_TO_32_BIT_CONVERSION = YES;
				GCC_WARN_ABOUT_RETURN_TYPE = YES_ERROR;
				GCC_WARN_UNDECLARED_SELECTOR = YES;
				GCC_WARN_UNINITIALIZED_AUTOS = YES_AGGRESSIVE;
				GCC_WARN_UNUSED_FUNCTION = YES;
				GCC_WARN_UNUSED_VARIABLE = YES;
				IPHONEOS_DEPLOYMENT_TARGET = 15.5;
				MTL_ENABLE_DEBUG_INFO = INCLUDE_SOURCE;
				MTL_FAST_MATH = YES;
				ONLY_ACTIVE_ARCH = YES;
				SDKROOT = iphoneos;
				SWIFT_ACTIVE_COMPILATION_CONDITIONS = DEBUG;
				SWIFT_OPTIMIZATION_LEVEL = "-Onone";
			};
			name = Debug;
		};
		04FAF39028888CC000D82A9F /* Release */ = {
			isa = XCBuildConfiguration;
			buildSettings = {
				ALWAYS_SEARCH_USER_PATHS = NO;
				CLANG_ANALYZER_NONNULL = YES;
				CLANG_ANALYZER_NUMBER_OBJECT_CONVERSION = YES_AGGRESSIVE;
				CLANG_CXX_LANGUAGE_STANDARD = "gnu++17";
				CLANG_ENABLE_MODULES = YES;
				CLANG_ENABLE_OBJC_ARC = YES;
				CLANG_ENABLE_OBJC_WEAK = YES;
				CLANG_WARN_BLOCK_CAPTURE_AUTORELEASING = YES;
				CLANG_WARN_BOOL_CONVERSION = YES;
				CLANG_WARN_COMMA = YES;
				CLANG_WARN_CONSTANT_CONVERSION = YES;
				CLANG_WARN_DEPRECATED_OBJC_IMPLEMENTATIONS = YES;
				CLANG_WARN_DIRECT_OBJC_ISA_USAGE = YES_ERROR;
				CLANG_WARN_DOCUMENTATION_COMMENTS = YES;
				CLANG_WARN_EMPTY_BODY = YES;
				CLANG_WARN_ENUM_CONVERSION = YES;
				CLANG_WARN_INFINITE_RECURSION = YES;
				CLANG_WARN_INT_CONVERSION = YES;
				CLANG_WARN_NON_LITERAL_NULL_CONVERSION = YES;
				CLANG_WARN_OBJC_IMPLICIT_RETAIN_SELF = YES;
				CLANG_WARN_OBJC_LITERAL_CONVERSION = YES;
				CLANG_WARN_OBJC_ROOT_CLASS = YES_ERROR;
				CLANG_WARN_QUOTED_INCLUDE_IN_FRAMEWORK_HEADER = YES;
				CLANG_WARN_RANGE_LOOP_ANALYSIS = YES;
				CLANG_WARN_STRICT_PROTOTYPES = YES;
				CLANG_WARN_SUSPICIOUS_MOVE = YES;
				CLANG_WARN_UNGUARDED_AVAILABILITY = YES_AGGRESSIVE;
				CLANG_WARN_UNREACHABLE_CODE = YES;
				CLANG_WARN__DUPLICATE_METHOD_MATCH = YES;
				COPY_PHASE_STRIP = NO;
				DEBUG_INFORMATION_FORMAT = "dwarf-with-dsym";
				ENABLE_NS_ASSERTIONS = NO;
				ENABLE_STRICT_OBJC_MSGSEND = YES;
				GCC_C_LANGUAGE_STANDARD = gnu11;
				GCC_NO_COMMON_BLOCKS = YES;
				GCC_WARN_64_TO_32_BIT_CONVERSION = YES;
				GCC_WARN_ABOUT_RETURN_TYPE = YES_ERROR;
				GCC_WARN_UNDECLARED_SELECTOR = YES;
				GCC_WARN_UNINITIALIZED_AUTOS = YES_AGGRESSIVE;
				GCC_WARN_UNUSED_FUNCTION = YES;
				GCC_WARN_UNUSED_VARIABLE = YES;
				IPHONEOS_DEPLOYMENT_TARGET = 15.5;
				MTL_ENABLE_DEBUG_INFO = NO;
				MTL_FAST_MATH = YES;
				SDKROOT = iphoneos;
				SWIFT_COMPILATION_MODE = wholemodule;
				SWIFT_OPTIMIZATION_LEVEL = "-O";
				VALIDATE_PRODUCT = YES;
			};
			name = Release;
		};
		04FAF39228888CC000D82A9F /* Debug */ = {
			isa = XCBuildConfiguration;
			buildSettings = {
				ASSETCATALOG_COMPILER_APPICON_NAME = AppIcon;
				ASSETCATALOG_COMPILER_GLOBAL_ACCENT_COLOR_NAME = AccentColor;
				CODE_SIGN_STYLE = Automatic;
				CURRENT_PROJECT_VERSION = 1;
				DEVELOPMENT_ASSET_PATHS = "\"App/Preview Content\"";
				ENABLE_PREVIEWS = YES;
				GENERATE_INFOPLIST_FILE = YES;
				INFOPLIST_KEY_UIApplicationSceneManifest_Generation = YES;
				INFOPLIST_KEY_UIApplicationSupportsIndirectInputEvents = YES;
				INFOPLIST_KEY_UILaunchScreen_Generation = YES;
				INFOPLIST_KEY_UISupportedInterfaceOrientations_iPad = "UIInterfaceOrientationPortrait UIInterfaceOrientationPortraitUpsideDown UIInterfaceOrientationLandscapeLeft UIInterfaceOrientationLandscapeRight";
				INFOPLIST_KEY_UISupportedInterfaceOrientations_iPhone = "UIInterfaceOrientationPortrait UIInterfaceOrientationLandscapeLeft UIInterfaceOrientationLandscapeRight";
				LD_RUNPATH_SEARCH_PATHS = (
					"$(inherited)",
					"@executable_path/Frameworks",
				);
				MARKETING_VERSION = 1.0;
				PRODUCT_BUNDLE_IDENTIFIER = "tai.-GUIs";
				PRODUCT_NAME = "$(TARGET_NAME)";
				SWIFT_EMIT_LOC_STRINGS = YES;
				SWIFT_VERSION = 5.0;
				TARGETED_DEVICE_FAMILY = "1,2";
			};
			name = Debug;
		};
		04FAF39328888CC000D82A9F /* Release */ = {
			isa = XCBuildConfiguration;
			buildSettings = {
				ASSETCATALOG_COMPILER_APPICON_NAME = AppIcon;
				ASSETCATALOG_COMPILER_GLOBAL_ACCENT_COLOR_NAME = AccentColor;
				CODE_SIGN_STYLE = Automatic;
				CURRENT_PROJECT_VERSION = 1;
				DEVELOPMENT_ASSET_PATHS = "\"App/Preview Content\"";
				ENABLE_PREVIEWS = YES;
				GENERATE_INFOPLIST_FILE = YES;
				INFOPLIST_KEY_UIApplicationSceneManifest_Generation = YES;
				INFOPLIST_KEY_UIApplicationSupportsIndirectInputEvents = YES;
				INFOPLIST_KEY_UILaunchScreen_Generation = YES;
				INFOPLIST_KEY_UISupportedInterfaceOrientations_iPad = "UIInterfaceOrientationPortrait UIInterfaceOrientationPortraitUpsideDown UIInterfaceOrientationLandscapeLeft UIInterfaceOrientationLandscapeRight";
				INFOPLIST_KEY_UISupportedInterfaceOrientations_iPhone = "UIInterfaceOrientationPortrait UIInterfaceOrientationLandscapeLeft UIInterfaceOrientationLandscapeRight";
				LD_RUNPATH_SEARCH_PATHS = (
					"$(inherited)",
					"@executable_path/Frameworks",
				);
				MARKETING_VERSION = 1.0;
				PRODUCT_BUNDLE_IDENTIFIER = "tai.-GUIs";
				PRODUCT_NAME = "$(TARGET_NAME)";
				SWIFT_EMIT_LOC_STRINGS = YES;
				SWIFT_VERSION = 5.0;
				TARGETED_DEVICE_FAMILY = "1,2";
			};
			name = Release;
		};
		04FAF39528888CC000D82A9F /* Debug */ = {
			isa = XCBuildConfiguration;
			buildSettings = {
				ALWAYS_EMBED_SWIFT_STANDARD_LIBRARIES = YES;
				BUNDLE_LOADER = "$(TEST_HOST)";
				CODE_SIGN_STYLE = Automatic;
				CURRENT_PROJECT_VERSION = 1;
				GENERATE_INFOPLIST_FILE = YES;
				IPHONEOS_DEPLOYMENT_TARGET = 15.5;
				MARKETING_VERSION = 1.0;
				PRODUCT_BUNDLE_IDENTIFIER = "tai.-GUIsTests";
				PRODUCT_NAME = "$(TARGET_NAME)";
				SWIFT_EMIT_LOC_STRINGS = NO;
				SWIFT_VERSION = 5.0;
				TARGETED_DEVICE_FAMILY = "1,2";
				TEST_HOST = "$(BUILT_PRODUCTS_DIR)/7GUIs.app/7GUIs";
			};
			name = Debug;
		};
		04FAF39628888CC000D82A9F /* Release */ = {
			isa = XCBuildConfiguration;
			buildSettings = {
				ALWAYS_EMBED_SWIFT_STANDARD_LIBRARIES = YES;
				BUNDLE_LOADER = "$(TEST_HOST)";
				CODE_SIGN_STYLE = Automatic;
				CURRENT_PROJECT_VERSION = 1;
				GENERATE_INFOPLIST_FILE = YES;
				IPHONEOS_DEPLOYMENT_TARGET = 15.5;
				MARKETING_VERSION = 1.0;
				PRODUCT_BUNDLE_IDENTIFIER = "tai.-GUIsTests";
				PRODUCT_NAME = "$(TARGET_NAME)";
				SWIFT_EMIT_LOC_STRINGS = NO;
				SWIFT_VERSION = 5.0;
				TARGETED_DEVICE_FAMILY = "1,2";
				TEST_HOST = "$(BUILT_PRODUCTS_DIR)/7GUIs.app/7GUIs";
			};
			name = Release;
		};
		04FAF39828888CC000D82A9F /* Debug */ = {
			isa = XCBuildConfiguration;
			buildSettings = {
				ALWAYS_EMBED_SWIFT_STANDARD_LIBRARIES = YES;
				CODE_SIGN_STYLE = Automatic;
				CURRENT_PROJECT_VERSION = 1;
				GENERATE_INFOPLIST_FILE = YES;
				MARKETING_VERSION = 1.0;
				PRODUCT_BUNDLE_IDENTIFIER = "tai.-GUIsUITests";
				PRODUCT_NAME = "$(TARGET_NAME)";
				SWIFT_EMIT_LOC_STRINGS = NO;
				SWIFT_VERSION = 5.0;
				TARGETED_DEVICE_FAMILY = "1,2";
				TEST_TARGET_NAME = 7GUIs;
			};
			name = Debug;
		};
		04FAF39928888CC000D82A9F /* Release */ = {
			isa = XCBuildConfiguration;
			buildSettings = {
				ALWAYS_EMBED_SWIFT_STANDARD_LIBRARIES = YES;
				CODE_SIGN_STYLE = Automatic;
				CURRENT_PROJECT_VERSION = 1;
				GENERATE_INFOPLIST_FILE = YES;
				MARKETING_VERSION = 1.0;
				PRODUCT_BUNDLE_IDENTIFIER = "tai.-GUIsUITests";
				PRODUCT_NAME = "$(TARGET_NAME)";
				SWIFT_EMIT_LOC_STRINGS = NO;
				SWIFT_VERSION = 5.0;
				TARGETED_DEVICE_FAMILY = "1,2";
				TEST_TARGET_NAME = 7GUIs;
			};
			name = Release;
		};
/* End XCBuildConfiguration section */

/* Begin XCConfigurationList section */
		04FAF36828888CBE00D82A9F /* Build configuration list for PBXProject "7GUIs" */ = {
			isa = XCConfigurationList;
			buildConfigurations = (
				04FAF38F28888CC000D82A9F /* Debug */,
				04FAF39028888CC000D82A9F /* Release */,
			);
			defaultConfigurationIsVisible = 0;
			defaultConfigurationName = Release;
		};
		04FAF39128888CC000D82A9F /* Build configuration list for PBXNativeTarget "7GUIs" */ = {
			isa = XCConfigurationList;
			buildConfigurations = (
				04FAF39228888CC000D82A9F /* Debug */,
				04FAF39328888CC000D82A9F /* Release */,
			);
			defaultConfigurationIsVisible = 0;
			defaultConfigurationName = Release;
		};
		04FAF39428888CC000D82A9F /* Build configuration list for PBXNativeTarget "7GUIsTests" */ = {
			isa = XCConfigurationList;
			buildConfigurations = (
				04FAF39528888CC000D82A9F /* Debug */,
				04FAF39628888CC000D82A9F /* Release */,
			);
			defaultConfigurationIsVisible = 0;
			defaultConfigurationName = Release;
		};
		04FAF39728888CC000D82A9F /* Build configuration list for PBXNativeTarget "7GUIsUITests" */ = {
			isa = XCConfigurationList;
			buildConfigurations = (
				04FAF39828888CC000D82A9F /* Debug */,
				04FAF39928888CC000D82A9F /* Release */,
			);
			defaultConfigurationIsVisible = 0;
			defaultConfigurationName = Release;
		};
/* End XCConfigurationList section */
	};
	rootObject = 04FAF36528888CBE00D82A9F /* Project object */;
}
